# THIS IS AN AUTOGENERATED FILE. DO NOT EDIT THIS FILE DIRECTLY.
# yarn lockfile v1


dockerlint@^0.3.9:
  version "0.3.9"
  resolved "https://registry.yarnpkg.com/dockerlint/-/dockerlint-0.3.9.tgz#2cc4965a85162d437bf077d509d64a3fb99bbce1"
  integrity sha512-gps1IlRWx0hqhG7qZNYoF/Ae8wpnnPDGV0eYC60FdH2UscS4hZ+NFYX3Pusj/GImjLD/Pxkp/wib7CBb63yzZw==
  dependencies:
    sty "^0.6.1"
    subarg "^1.0.0"

minimist@^1.1.0:
  version "1.2.5"
  resolved "https://registry.yarnpkg.com/minimist/-/minimist-1.2.5.tgz#67d66014b66a6a8aaa0c083c5fd58df4e4e97602"
  integrity sha512-FM9nNUYrRBAELZQT3xeZQ7fmMOBg6nWNmJKTcgsJeaLstP/UODVpGsr5OhXhhXg6f+qtJ8uiZ+PUxkDWcgIXLw==

sty@^0.6.1:
  version "0.6.1"
  resolved "https://registry.yarnpkg.com/sty/-/sty-0.6.1.tgz#de3fb9ae570bc60a7447245f0dec31213ea2d5a8"
  integrity sha1-3j+5rlcLxgp0RyRfDewxIT6i1ag=

subarg@^1.0.0:
  version "1.0.0"
  resolved "https://registry.yarnpkg.com/subarg/-/subarg-1.0.0.tgz#f62cf17581e996b48fc965699f54c06ae268b8d2"
  integrity sha1-9izxdYHplrSPyWVpn1TAauJouNI=
  dependencies:
    minimist "^1.1.0"
